
Microsoft Visual Studio Solution File, Format Version 12.00
# Visual Studio Version 17
VisualStudioVersion = 17.14.36623.8 d17.14
MinimumVisualStudioVersion = 10.0.40219.1
Project("{FAE04EC0-301F-11D3-BF4B-00C04F79EFBC}") = "Lab18_19", "Lab18_19\Lab18_19.csproj", "{A6DA49C9-1802-407B-A2A8-807184A21B59}"
EndProject
Global
	GlobalSection(SolutionConfigurationPlatforms) = preSolution
		Debug|Any CPU = Debug|Any CPU
		Release|Any CPU = Release|Any CPU
	EndGlobalSection
	GlobalSection(ProjectConfigurationPlatforms) = postSolution
		{A6DA49C9-1802-407B-A2A8-807184A21B59}.Debug|Any CPU.ActiveCfg = Debug|Any CPU
		{A6DA49C9-1802-407B-A2A8-807184A21B59}.Debug|Any CPU.Build.0 = Debug|Any CPU
		{A6DA49C9-1802-407B-A2A8-807184A21B59}.Release|Any CPU.ActiveCfg = Release|Any CPU
		{A6DA49C9-1802-407B-A2A8-807184A21B59}.Release|Any CPU.Build.0 = Release|Any CPU
	EndGlobalSection
	GlobalSection(SolutionProperties) = preSolution
		HideSolutionNode = FALSE
	EndGlobalSection
	GlobalSection(ExtensibilityGlobals) = postSolution
		SolutionGuid = {5D57CD04-D2A1-428C-9B19-BE093C14EA5C}
	EndGlobalSection
EndGlobal
