
Microsoft Visual Studio Solution File, Format Version 12.00
# Visual Studio Version 17
VisualStudioVersion = 17.14.36623.8 d17.14
MinimumVisualStudioVersion = 10.0.40219.1
Project("{FAE04EC0-301F-11D3-BF4B-00C04F79EFBC}") = "Lab16Variant19", "Lab16Variant19\Lab16Variant19.csproj", "{F89C2BCC-E01C-4B1B-8A58-53751B1A4515}"
EndProject
Global
	GlobalSection(SolutionConfigurationPlatforms) = preSolution
		Debug|Any CPU = Debug|Any CPU
		Release|Any CPU = Release|Any CPU
	EndGlobalSection
	GlobalSection(ProjectConfigurationPlatforms) = postSolution
		{F89C2BCC-E01C-4B1B-8A58-53751B1A4515}.Debug|Any CPU.ActiveCfg = Debug|Any CPU
		{F89C2BCC-E01C-4B1B-8A58-53751B1A4515}.Debug|Any CPU.Build.0 = Debug|Any CPU
		{F89C2BCC-E01C-4B1B-8A58-53751B1A4515}.Release|Any CPU.ActiveCfg = Release|Any CPU
		{F89C2BCC-E01C-4B1B-8A58-53751B1A4515}.Release|Any CPU.Build.0 = Release|Any CPU
	EndGlobalSection
	GlobalSection(SolutionProperties) = preSolution
		HideSolutionNode = FALSE
	EndGlobalSection
	GlobalSection(ExtensibilityGlobals) = postSolution
		SolutionGuid = {853A9C78-2094-4E5F-9AF2-DE0A4CD215C5}
	EndGlobalSection
EndGlobal
