
Microsoft Visual Studio Solution File, Format Version 12.00
# Visual Studio Version 17
VisualStudioVersion = 17.14.36623.8 d17.14
MinimumVisualStudioVersion = 10.0.40219.1
Project("{FAE04EC0-301F-11D3-BF4B-00C04F79EFBC}") = "DataTier", "DataTier\DataTier.csproj", "{CCE0124E-8746-4C3F-AC7A-77A7FB7A5465}"
EndProject
Project("{FAE04EC0-301F-11D3-BF4B-00C04F79EFBC}") = "LogicTier", "LogicTier\LogicTier.csproj", "{A89FC34D-2BAC-48FF-AFAD-584FC576CEF2}"
	ProjectSection(ProjectDependencies) = postProject
		{CCE0124E-8746-4C3F-AC7A-77A7FB7A5465} = {CCE0124E-8746-4C3F-AC7A-77A7FB7A5465}
	EndProjectSection
EndProject
Project("{FAE04EC0-301F-11D3-BF4B-00C04F79EFBC}") = "PresentationTier", "PresentationTier\PresentationTier.csproj", "{518EC50C-9393-43A1-B832-4CDE433189A1}"
	ProjectSection(ProjectDependencies) = postProject
		{A89FC34D-2BAC-48FF-AFAD-584FC576CEF2} = {A89FC34D-2BAC-48FF-AFAD-584FC576CEF2}
	EndProjectSection
EndProject
Global
	GlobalSection(SolutionConfigurationPlatforms) = preSolution
		Debug|Any CPU = Debug|Any CPU
		Release|Any CPU = Release|Any CPU
	EndGlobalSection
	GlobalSection(ProjectConfigurationPlatforms) = postSolution
		{CCE0124E-8746-4C3F-AC7A-77A7FB7A5465}.Debug|Any CPU.ActiveCfg = Debug|Any CPU
		{CCE0124E-8746-4C3F-AC7A-77A7FB7A5465}.Debug|Any CPU.Build.0 = Debug|Any CPU
		{CCE0124E-8746-4C3F-AC7A-77A7FB7A5465}.Release|Any CPU.ActiveCfg = Release|Any CPU
		{CCE0124E-8746-4C3F-AC7A-77A7FB7A5465}.Release|Any CPU.Build.0 = Release|Any CPU
		{A89FC34D-2BAC-48FF-AFAD-584FC576CEF2}.Debug|Any CPU.ActiveCfg = Debug|Any CPU
		{A89FC34D-2BAC-48FF-AFAD-584FC576CEF2}.Debug|Any CPU.Build.0 = Debug|Any CPU
		{A89FC34D-2BAC-48FF-AFAD-584FC576CEF2}.Release|Any CPU.ActiveCfg = Release|Any CPU
		{A89FC34D-2BAC-48FF-AFAD-584FC576CEF2}.Release|Any CPU.Build.0 = Release|Any CPU
		{518EC50C-9393-43A1-B832-4CDE433189A1}.Debug|Any CPU.ActiveCfg = Debug|Any CPU
		{518EC50C-9393-43A1-B832-4CDE433189A1}.Debug|Any CPU.Build.0 = Debug|Any CPU
		{518EC50C-9393-43A1-B832-4CDE433189A1}.Release|Any CPU.ActiveCfg = Release|Any CPU
		{518EC50C-9393-43A1-B832-4CDE433189A1}.Release|Any CPU.Build.0 = Release|Any CPU
	EndGlobalSection
	GlobalSection(SolutionProperties) = preSolution
		HideSolutionNode = FALSE
	EndGlobalSection
	GlobalSection(ExtensibilityGlobals) = postSolution
		SolutionGuid = {67186CB4-E806-4153-B306-06D0E19C184D}
	EndGlobalSection
EndGlobal
