
Microsoft Visual Studio Solution File, Format Version 12.00
# Visual Studio Version 17
VisualStudioVersion = 17.14.36623.8 d17.14
MinimumVisualStudioVersion = 10.0.40219.1
Project("{FAE04EC0-301F-11D3-BF4B-00C04F79EFBC}") = "lab5", "lab5\lab5.csproj", "{2A0B6104-0105-49D5-B30B-9CB2DD2FF05D}"
EndProject
Global
	GlobalSection(SolutionConfigurationPlatforms) = preSolution
		Debug|Any CPU = Debug|Any CPU
		Release|Any CPU = Release|Any CPU
	EndGlobalSection
	GlobalSection(ProjectConfigurationPlatforms) = postSolution
		{2A0B6104-0105-49D5-B30B-9CB2DD2FF05D}.Debug|Any CPU.ActiveCfg = Debug|Any CPU
		{2A0B6104-0105-49D5-B30B-9CB2DD2FF05D}.Debug|Any CPU.Build.0 = Debug|Any CPU
		{2A0B6104-0105-49D5-B30B-9CB2DD2FF05D}.Release|Any CPU.ActiveCfg = Release|Any CPU
		{2A0B6104-0105-49D5-B30B-9CB2DD2FF05D}.Release|Any CPU.Build.0 = Release|Any CPU
	EndGlobalSection
	GlobalSection(SolutionProperties) = preSolution
		HideSolutionNode = FALSE
	EndGlobalSection
	GlobalSection(ExtensibilityGlobals) = postSolution
		SolutionGuid = {BFEC116A-1A07-47F9-9EC9-A99BFC1C24D3}
	EndGlobalSection
EndGlobal
